
Microsoft Visual Studio Solution File, Format Version 12.00
# Visual Studio Version 17
VisualStudioVersion = 17.7.34024.191
MinimumVisualStudioVersion = 10.0.40219.1
Project("{FAE04EC0-301F-11D3-BF4B-00C04F79EFBC}") = "Trabajo integrador", "Trabajo integrador\Trabajo integrador.csproj", "{90D1B944-217C-409A-810F-B641641EBF17}"
EndProject
Global
	GlobalSection(SolutionConfigurationPlatforms) = preSolution
		Debug|Any CPU = Debug|Any CPU
		Release|Any CPU = Release|Any CPU
	EndGlobalSection
	GlobalSection(ProjectConfigurationPlatforms) = postSolution
		{90D1B944-217C-409A-810F-B641641EBF17}.Debug|Any CPU.ActiveCfg = Debug|Any CPU
		{90D1B944-217C-409A-810F-B641641EBF17}.Debug|Any CPU.Build.0 = Debug|Any CPU
		{90D1B944-217C-409A-810F-B641641EBF17}.Release|Any CPU.ActiveCfg = Release|Any CPU
		{90D1B944-217C-409A-810F-B641641EBF17}.Release|Any CPU.Build.0 = Release|Any CPU
	EndGlobalSection
	GlobalSection(SolutionProperties) = preSolution
		HideSolutionNode = FALSE
	EndGlobalSection
	GlobalSection(ExtensibilityGlobals) = postSolution
		SolutionGuid = {8BA54BB6-E385-4D9D-9B34-C8992AB46261}
	EndGlobalSection
EndGlobal
